
Microsoft Visual Studio Solution File, Format Version 12.00
# Visual Studio Version 16
VisualStudioVersion = 16.0.32228.343
MinimumVisualStudioVersion = 10.0.40219.1
Project("{FAE04EC0-301F-11D3-BF4B-00C04F79EFBC}") = "Beauty_Salon", "Beauty_Salon.csproj", "{844F8A74-1B62-46C4-87F5-2BBDAB6AD0FB}"
EndProject
Global
	GlobalSection(SolutionConfigurationPlatforms) = preSolution
		Debug|Any CPU = Debug|Any CPU
		Release|Any CPU = Release|Any CPU
	EndGlobalSection
	GlobalSection(ProjectConfigurationPlatforms) = postSolution
		{844F8A74-1B62-46C4-87F5-2BBDAB6AD0FB}.Debug|Any CPU.ActiveCfg = Debug|Any CPU
		{844F8A74-1B62-46C4-87F5-2BBDAB6AD0FB}.Debug|Any CPU.Build.0 = Debug|Any CPU
		{844F8A74-1B62-46C4-87F5-2BBDAB6AD0FB}.Release|Any CPU.ActiveCfg = Release|Any CPU
		{844F8A74-1B62-46C4-87F5-2BBDAB6AD0FB}.Release|Any CPU.Build.0 = Release|Any CPU
	EndGlobalSection
	GlobalSection(SolutionProperties) = preSolution
		HideSolutionNode = FALSE
	EndGlobalSection
	GlobalSection(ExtensibilityGlobals) = postSolution
		SolutionGuid = {B76FADE2-B5B7-401C-AE22-E74761998AC7}
	EndGlobalSection
EndGlobal
